// !$*UTF8*$!
{
	archiveVersion = 1;
	classes = {
	};
	objectVersion = 55;
	objects = {

/* Begin PBXBuildFile section */
		3617097828A2608C00E73404 /* 09_ DungeonAndErrors.swift in Sources */ = {isa = PBXBuildFile; fileRef = 3617097728A2608C00E73404 /* 09_ DungeonAndErrors.swift */; };
		361BA5AD289C60F9005CADCF /* 07_OOP_examples.swift in Sources */ = {isa = PBXBuildFile; fileRef = 361BA5AC289C60F8005CADCF /* 07_OOP_examples.swift */; };
		3628D5C22886B99800FF4E40 /* main.swift in Sources */ = {isa = PBXBuildFile; fileRef = 363C6AC12881ACDA00E49CA4 /* main.swift */; };
		3628D5C62886BA5500FF4E40 /* 03_Mutants.swift in Sources */ = {isa = PBXBuildFile; fileRef = 3628D5A12886B05B00FF4E40 /* 03_Mutants.swift */; };
		363C6AC92881AD7300E49CA4 /* 01_NimGame.swift in Sources */ = {isa = PBXBuildFile; fileRef = 363C6AC82881AD7300E49CA4 /* 01_NimGame.swift */; };
		363C6ACB28829D7200E49CA4 /* 02_Candidates.swift in Sources */ = {isa = PBXBuildFile; fileRef = 363C6ACA28829D7200E49CA4 /* 02_Candidates.swift */; };
		363C6ACD2882B54500E49CA4 /* Library.swift in Sources */ = {isa = PBXBuildFile; fileRef = 363C6ACC2882B54500E49CA4 /* Library.swift */; };
		364F62C2289171CA00BF4B86 /* 05_RetroComputer.swift in Sources */ = {isa = PBXBuildFile; fileRef = 364F62C1289171CA00BF4B86 /* 05_RetroComputer.swift */; };
		3688574528A28E9300B4F79B /* Additions.swift in Sources */ = {isa = PBXBuildFile; fileRef = 3688574428A28E9300B4F79B /* Additions.swift */; };
		36A077A828A1A19E00A627A6 /* 08_Startups.swift in Sources */ = {isa = PBXBuildFile; fileRef = 36A077A728A1A19E00A627A6 /* 08_Startups.swift */; };
		36A9481F288EC3F40049B24B /* 04_CodeExam.swift in Sources */ = {isa = PBXBuildFile; fileRef = 36A9481E288EC3F40049B24B /* 04_CodeExam.swift */; };
		36F05B53289847EC00CBE3FC /* 06_FunComputer.swift in Sources */ = {isa = PBXBuildFile; fileRef = 36F05B52289847EC00CBE3FC /* 06_FunComputer.swift */; };
/* End PBXBuildFile section */

/* Begin PBXCopyFilesBuildPhase section */
		363C6ABC2881ACDA00E49CA4 /* CopyFiles */ = {
			isa = PBXCopyFilesBuildPhase;
			buildActionMask = 2147483647;
			dstPath = /usr/share/man/man1/;
			dstSubfolderSpec = 0;
			files = (
			);
			runOnlyForDeploymentPostprocessing = 1;
		};
/* End PBXCopyFilesBuildPhase section */

/* Begin PBXFileReference section */
		3617097728A2608C00E73404 /* 09_ DungeonAndErrors.swift */ = {isa = PBXFileReference; lastKnownFileType = sourcecode.swift; path = "09_ DungeonAndErrors.swift"; sourceTree = "<group>"; };
		361BA5AC289C60F8005CADCF /* 07_OOP_examples.swift */ = {isa = PBXFileReference; lastKnownFileType = sourcecode.swift; path = 07_OOP_examples.swift; sourceTree = "<group>"; };
		3628D5A12886B05B00FF4E40 /* 03_Mutants.swift */ = {isa = PBXFileReference; lastKnownFileType = sourcecode.swift; path = 03_Mutants.swift; sourceTree = "<group>"; };
		363C6ABE2881ACDA00E49CA4 /* AIOS */ = {isa = PBXFileReference; explicitFileType = "compiled.mach-o.executable"; includeInIndex = 0; path = AIOS; sourceTree = BUILT_PRODUCTS_DIR; };
		363C6AC12881ACDA00E49CA4 /* main.swift */ = {isa = PBXFileReference; lastKnownFileType = sourcecode.swift; path = main.swift; sourceTree = "<group>"; };
		363C6AC82881AD7300E49CA4 /* 01_NimGame.swift */ = {isa = PBXFileReference; lastKnownFileType = sourcecode.swift; path = 01_NimGame.swift; sourceTree = "<group>"; };
		363C6ACA28829D7200E49CA4 /* 02_Candidates.swift */ = {isa = PBXFileReference; lastKnownFileType = sourcecode.swift; path = 02_Candidates.swift; sourceTree = "<group>"; };
		363C6ACC2882B54500E49CA4 /* Library.swift */ = {isa = PBXFileReference; lastKnownFileType = sourcecode.swift; path = Library.swift; sourceTree = "<group>"; };
		364F62C1289171CA00BF4B86 /* 05_RetroComputer.swift */ = {isa = PBXFileReference; lastKnownFileType = sourcecode.swift; path = 05_RetroComputer.swift; sourceTree = "<group>"; };
		3688574428A28E9300B4F79B /* Additions.swift */ = {isa = PBXFileReference; lastKnownFileType = sourcecode.swift; path = Additions.swift; sourceTree = "<group>"; };
		36A077A728A1A19E00A627A6 /* 08_Startups.swift */ = {isa = PBXFileReference; lastKnownFileType = sourcecode.swift; path = 08_Startups.swift; sourceTree = "<group>"; };
		36A9481E288EC3F40049B24B /* 04_CodeExam.swift */ = {isa = PBXFileReference; lastKnownFileType = sourcecode.swift; path = 04_CodeExam.swift; sourceTree = "<group>"; };
		36F05B52289847EC00CBE3FC /* 06_FunComputer.swift */ = {isa = PBXFileReference; lastKnownFileType = sourcecode.swift; path = 06_FunComputer.swift; sourceTree = "<group>"; };
/* End PBXFileReference section */

/* Begin PBXFrameworksBuildPhase section */
		363C6ABB2881ACDA00E49CA4 /* Frameworks */ = {
			isa = PBXFrameworksBuildPhase;
			buildActionMask = 2147483647;
			files = (
			);
			runOnlyForDeploymentPostprocessing = 0;
		};
/* End PBXFrameworksBuildPhase section */

/* Begin PBXGroup section */
		363C6AB52881ACDA00E49CA4 = {
			isa = PBXGroup;
			children = (
				363C6AC02881ACDA00E49CA4 /* AIOS */,
				363C6ABF2881ACDA00E49CA4 /* Products */,
			);
			sourceTree = "<group>";
		};
		363C6ABF2881ACDA00E49CA4 /* Products */ = {
			isa = PBXGroup;
			children = (
				363C6ABE2881ACDA00E49CA4 /* AIOS */,
			);
			name = Products;
			sourceTree = "<group>";
		};
		363C6AC02881ACDA00E49CA4 /* AIOS */ = {
			isa = PBXGroup;
			children = (
				363C6AC12881ACDA00E49CA4 /* main.swift */,
				363C6AC82881AD7300E49CA4 /* 01_NimGame.swift */,
				363C6ACA28829D7200E49CA4 /* 02_Candidates.swift */,
				3628D5A12886B05B00FF4E40 /* 03_Mutants.swift */,
				36A9481E288EC3F40049B24B /* 04_CodeExam.swift */,
				364F62C1289171CA00BF4B86 /* 05_RetroComputer.swift */,
				36F05B52289847EC00CBE3FC /* 06_FunComputer.swift */,
				361BA5AC289C60F8005CADCF /* 07_OOP_examples.swift */,
				36A077A728A1A19E00A627A6 /* 08_Startups.swift */,
				3617097728A2608C00E73404 /* 09_ DungeonAndErrors.swift */,
				363C6ACC2882B54500E49CA4 /* Library.swift */,
				3688574428A28E9300B4F79B /* Additions.swift */,
			);
			path = AIOS;
			sourceTree = "<group>";
		};
/* End PBXGroup section */

/* Begin PBXNativeTarget section */
		363C6ABD2881ACDA00E49CA4 /* AIOS */ = {
			isa = PBXNativeTarget;
			buildConfigurationList = 363C6AC52881ACDA00E49CA4 /* Build configuration list for PBXNativeTarget "AIOS" */;
			buildPhases = (
				363C6ABA2881ACDA00E49CA4 /* Sources */,
				363C6ABB2881ACDA00E49CA4 /* Frameworks */,
				363C6ABC2881ACDA00E49CA4 /* CopyFiles */,
			);
			buildRules = (
			);
			dependencies = (
			);
			name = AIOS;
			productName = AIOS;
			productReference = 363C6ABE2881ACDA00E49CA4 /* AIOS */;
			productType = "com.apple.product-type.tool";
		};
/* End PBXNativeTarget section */

/* Begin PBXProject section */
		363C6AB62881ACDA00E49CA4 /* Project object */ = {
			isa = PBXProject;
			attributes = {
				BuildIndependentTargetsInParallel = 1;
				LastSwiftUpdateCheck = 1340;
				LastUpgradeCheck = 1340;
				TargetAttributes = {
					363C6ABD2881ACDA00E49CA4 = {
						CreatedOnToolsVersion = 13.4.1;
					};
				};
			};
			buildConfigurationList = 363C6AB92881ACDA00E49CA4 /* Build configuration list for PBXProject "AIOS" */;
			compatibilityVersion = "Xcode 13.0";
			developmentRegion = en;
			hasScannedForEncodings = 0;
			knownRegions = (
				en,
				Base,
			);
			mainGroup = 363C6AB52881ACDA00E49CA4;
			productRefGroup = 363C6ABF2881ACDA00E49CA4 /* Products */;
			projectDirPath = "";
			projectRoot = "";
			targets = (
				363C6ABD2881ACDA00E49CA4 /* AIOS */,
			);
		};
/* End PBXProject section */

/* Begin PBXSourcesBuildPhase section */
		363C6ABA2881ACDA00E49CA4 /* Sources */ = {
			isa = PBXSourcesBuildPhase;
			buildActionMask = 2147483647;
			files = (
				361BA5AD289C60F9005CADCF /* 07_OOP_examples.swift in Sources */,
				363C6ACB28829D7200E49CA4 /* 02_Candidates.swift in Sources */,
				3617097828A2608C00E73404 /* 09_ DungeonAndErrors.swift in Sources */,
				3628D5C62886BA5500FF4E40 /* 03_Mutants.swift in Sources */,
				36A077A828A1A19E00A627A6 /* 08_Startups.swift in Sources */,
				3628D5C22886B99800FF4E40 /* main.swift in Sources */,
				36A9481F288EC3F40049B24B /* 04_CodeExam.swift in Sources */,
				36F05B53289847EC00CBE3FC /* 06_FunComputer.swift in Sources */,
				364F62C2289171CA00BF4B86 /* 05_RetroComputer.swift in Sources */,
				3688574528A28E9300B4F79B /* Additions.swift in Sources */,
				363C6ACD2882B54500E49CA4 /* Library.swift in Sources */,
				363C6AC92881AD7300E49CA4 /* 01_NimGame.swift in Sources */,
			);
			runOnlyForDeploymentPostprocessing = 0;
		};
/* End PBXSourcesBuildPhase section */

/* Begin XCBuildConfiguration section */
		363C6AC32881ACDA00E49CA4 /* Debug */ = {
			isa = XCBuildConfiguration;
			buildSettings = {
				ALWAYS_SEARCH_USER_PATHS = NO;
				CLANG_ANALYZER_NONNULL = YES;
				CLANG_ANALYZER_NUMBER_OBJECT_CONVERSION = YES_AGGRESSIVE;
				CLANG_CXX_LANGUAGE_STANDARD = "gnu++17";
				CLANG_ENABLE_MODULES = YES;
				CLANG_ENABLE_OBJC_ARC = YES;
				CLANG_ENABLE_OBJC_WEAK = YES;
				CLANG_WARN_BLOCK_CAPTURE_AUTORELEASING = YES;
				CLANG_WARN_BOOL_CONVERSION = YES;
				CLANG_WARN_COMMA = YES;
				CLANG_WARN_CONSTANT_CONVERSION = YES;
				CLANG_WARN_DEPRECATED_OBJC_IMPLEMENTATIONS = YES;
				CLANG_WARN_DIRECT_OBJC_ISA_USAGE = YES_ERROR;
				CLANG_WARN_DOCUMENTATION_COMMENTS = YES;
				CLANG_WARN_EMPTY_BODY = YES;
				CLANG_WARN_ENUM_CONVERSION = YES;
				CLANG_WARN_INFINITE_RECURSION = YES;
				CLANG_WARN_INT_CONVERSION = YES;
				CLANG_WARN_NON_LITERAL_NULL_CONVERSION = YES;
				CLANG_WARN_OBJC_IMPLICIT_RETAIN_SELF = YES;
				CLANG_WARN_OBJC_LITERAL_CONVERSION = YES;
				CLANG_WARN_OBJC_ROOT_CLASS = YES_ERROR;
				CLANG_WARN_QUOTED_INCLUDE_IN_FRAMEWORK_HEADER = YES;
				CLANG_WARN_RANGE_LOOP_ANALYSIS = YES;
				CLANG_WARN_STRICT_PROTOTYPES = YES;
				CLANG_WARN_SUSPICIOUS_MOVE = YES;
				CLANG_WARN_UNGUARDED_AVAILABILITY = YES_AGGRESSIVE;
				CLANG_WARN_UNREACHABLE_CODE = YES;
				CLANG_WARN__DUPLICATE_METHOD_MATCH = YES;
				COPY_PHASE_STRIP = NO;
				DEBUG_INFORMATION_FORMAT = dwarf;
				ENABLE_STRICT_OBJC_MSGSEND = YES;
				ENABLE_TESTABILITY = YES;
				GCC_C_LANGUAGE_STANDARD = gnu11;
				GCC_DYNAMIC_NO_PIC = NO;
				GCC_NO_COMMON_BLOCKS = YES;
				GCC_OPTIMIZATION_LEVEL = 0;
				GCC_PREPROCESSOR_DEFINITIONS = (
					"DEBUG=1",
					"$(inherited)",
				);
				GCC_WARN_64_TO_32_BIT_CONVERSION = YES;
				GCC_WARN_ABOUT_RETURN_TYPE = YES_ERROR;
				GCC_WARN_UNDECLARED_SELECTOR = YES;
				GCC_WARN_UNINITIALIZED_AUTOS = YES_AGGRESSIVE;
				GCC_WARN_UNUSED_FUNCTION = YES;
				GCC_WARN_UNUSED_VARIABLE = YES;
				MACOSX_DEPLOYMENT_TARGET = 12.3;
				MTL_ENABLE_DEBUG_INFO = INCLUDE_SOURCE;
				MTL_FAST_MATH = YES;
				ONLY_ACTIVE_ARCH = YES;
				SDKROOT = macosx;
				SWIFT_ACTIVE_COMPILATION_CONDITIONS = DEBUG;
				SWIFT_OPTIMIZATION_LEVEL = "-Onone";
			};
			name = Debug;
		};
		363C6AC42881ACDA00E49CA4 /* Release */ = {
			isa = XCBuildConfiguration;
			buildSettings = {
				ALWAYS_SEARCH_USER_PATHS = NO;
				CLANG_ANALYZER_NONNULL = YES;
				CLANG_ANALYZER_NUMBER_OBJECT_CONVERSION = YES_AGGRESSIVE;
				CLANG_CXX_LANGUAGE_STANDARD = "gnu++17";
				CLANG_ENABLE_MODULES = YES;
				CLANG_ENABLE_OBJC_ARC = YES;
				CLANG_ENABLE_OBJC_WEAK = YES;
				CLANG_WARN_BLOCK_CAPTURE_AUTORELEASING = YES;
				CLANG_WARN_BOOL_CONVERSION = YES;
				CLANG_WARN_COMMA = YES;
				CLANG_WARN_CONSTANT_CONVERSION = YES;
				CLANG_WARN_DEPRECATED_OBJC_IMPLEMENTATIONS = YES;
				CLANG_WARN_DIRECT_OBJC_ISA_USAGE = YES_ERROR;
				CLANG_WARN_DOCUMENTATION_COMMENTS = YES;
				CLANG_WARN_EMPTY_BODY = YES;
				CLANG_WARN_ENUM_CONVERSION = YES;
				CLANG_WARN_INFINITE_RECURSION = YES;
				CLANG_WARN_INT_CONVERSION = YES;
				CLANG_WARN_NON_LITERAL_NULL_CONVERSION = YES;
				CLANG_WARN_OBJC_IMPLICIT_RETAIN_SELF = YES;
				CLANG_WARN_OBJC_LITERAL_CONVERSION = YES;
				CLANG_WARN_OBJC_ROOT_CLASS = YES_ERROR;
				CLANG_WARN_QUOTED_INCLUDE_IN_FRAMEWORK_HEADER = YES;
				CLANG_WARN_RANGE_LOOP_ANALYSIS = YES;
				CLANG_WARN_STRICT_PROTOTYPES = YES;
				CLANG_WARN_SUSPICIOUS_MOVE = YES;
				CLANG_WARN_UNGUARDED_AVAILABILITY = YES_AGGRESSIVE;
				CLANG_WARN_UNREACHABLE_CODE = YES;
				CLANG_WARN__DUPLICATE_METHOD_MATCH = YES;
				COPY_PHASE_STRIP = NO;
				DEBUG_INFORMATION_FORMAT = "dwarf-with-dsym";
				ENABLE_NS_ASSERTIONS = NO;
				ENABLE_STRICT_OBJC_MSGSEND = YES;
				GCC_C_LANGUAGE_STANDARD = gnu11;
				GCC_NO_COMMON_BLOCKS = YES;
				GCC_WARN_64_TO_32_BIT_CONVERSION = YES;
				GCC_WARN_ABOUT_RETURN_TYPE = YES_ERROR;
				GCC_WARN_UNDECLARED_SELECTOR = YES;
				GCC_WARN_UNINITIALIZED_AUTOS = YES_AGGRESSIVE;
				GCC_WARN_UNUSED_FUNCTION = YES;
				GCC_WARN_UNUSED_VARIABLE = YES;
				MACOSX_DEPLOYMENT_TARGET = 12.3;
				MTL_ENABLE_DEBUG_INFO = NO;
				MTL_FAST_MATH = YES;
				SDKROOT = macosx;
				SWIFT_COMPILATION_MODE = wholemodule;
				SWIFT_OPTIMIZATION_LEVEL = "-O";
			};
			name = Release;
		};
		363C6AC62881ACDA00E49CA4 /* Debug */ = {
			isa = XCBuildConfiguration;
			buildSettings = {
				CODE_SIGN_STYLE = Automatic;
				DEVELOPMENT_TEAM = G7Z6P28QM9;
				ENABLE_HARDENED_RUNTIME = YES;
				MACOSX_DEPLOYMENT_TARGET = 12.3;
				PRODUCT_NAME = "$(TARGET_NAME)";
				SWIFT_VERSION = 5.0;
			};
			name = Debug;
		};
		363C6AC72881ACDA00E49CA4 /* Release */ = {
			isa = XCBuildConfiguration;
			buildSettings = {
				CODE_SIGN_STYLE = Automatic;
				DEVELOPMENT_TEAM = G7Z6P28QM9;
				ENABLE_HARDENED_RUNTIME = YES;
				MACOSX_DEPLOYMENT_TARGET = 12.3;
				PRODUCT_NAME = "$(TARGET_NAME)";
				SWIFT_VERSION = 5.0;
			};
			name = Release;
		};
/* End XCBuildConfiguration section */

/* Begin XCConfigurationList section */
		363C6AB92881ACDA00E49CA4 /* Build configuration list for PBXProject "AIOS" */ = {
			isa = XCConfigurationList;
			buildConfigurations = (
				363C6AC32881ACDA00E49CA4 /* Debug */,
				363C6AC42881ACDA00E49CA4 /* Release */,
			);
			defaultConfigurationIsVisible = 0;
			defaultConfigurationName = Release;
		};
		363C6AC52881ACDA00E49CA4 /* Build configuration list for PBXNativeTarget "AIOS" */ = {
			isa = XCConfigurationList;
			buildConfigurations = (
				363C6AC62881ACDA00E49CA4 /* Debug */,
				363C6AC72881ACDA00E49CA4 /* Release */,
			);
			defaultConfigurationIsVisible = 0;
			defaultConfigurationName = Release;
		};
/* End XCConfigurationList section */
	};
	rootObject = 363C6AB62881ACDA00E49CA4 /* Project object */;
}
